<?xml version="1.0" encoding="UTF-8" standalone="yes" ?>
<CodeBlocks_project_file>
	<FileVersion major="1" minor="6" />
	<Project>
		<Option title="Dungeon" />
		<Option pch_mode="2" />
		<Option compiler="gcc" />
		<Build>
			<Target title="default">
				<Option output="Dungeon" prefix_auto="1" extension_auto="1" />
				<Option type="1" />
				<Option compiler="gcc" />
			</Target>
		</Build>
		<Unit filename="Character.cpp" />
		<Unit filename="Character.h" />
		<Unit filename="Draw.cpp" />
		<Unit filename="Draw.h" />
		<Unit filename="Dungeon.dev" />
		<Unit filename="Enums.h" />
		<Unit filename="GameLoop.cpp" />
		<Unit filename="GameLoop.h" />
		<Unit filename="GenLevel.cpp" />
		<Unit filename="GenLevel.h" />
		<Unit filename="Level.cpp" />
		<Unit filename="Level.h" />
		<Unit filename="Position.cpp" />
		<Unit filename="Position.h" />
		<Unit filename="main.cpp" />
		<Extensions>
			<code_completion />
			<envvars />
			<debugger />
		</Extensions>
	</Project>
</CodeBlocks_project_file>
